// !$*UTF8*$!
{
	archiveVersion = 1;
	classes = {
	};
	objectVersion = 56;
	objects = {

/* Begin PBXBuildFile section */
		5BEFAF952C51EAF200B08992 /* AppDelegate.swift in Sources */ = {isa = PBXBuildFile; fileRef = 5BEFAF942C51EAF200B08992 /* AppDelegate.swift */; };
		5BEFAF972C51EAF200B08992 /* SceneDelegate.swift in Sources */ = {isa = PBXBuildFile; fileRef = 5BEFAF962C51EAF200B08992 /* SceneDelegate.swift */; };
		5BEFAF992C51EAF200B08992 /* ViewController.swift in Sources */ = {isa = PBXBuildFile; fileRef = 5BEFAF982C51EAF200B08992 /* ViewController.swift */; };
		5BEFAF9C2C51EAF200B08992 /* Base in Resources */ = {isa = PBXBuildFile; fileRef = 5BEFAF9B2C51EAF200B08992 /* Base */; };
		5BEFAF9E2C51EAF400B08992 /* Assets.xcassets in Resources */ = {isa = PBXBuildFile; fileRef = 5BEFAF9D2C51EAF400B08992 /* Assets.xcassets */; };
		5BEFAFA12C51EAF400B08992 /* Base in Resources */ = {isa = PBXBuildFile; fileRef = 5BEFAFA02C51EAF400B08992 /* Base */; };
		5BEFAFAC2C51EAF400B08992 /* QuizApp_Assignment3Tests.swift in Sources */ = {isa = PBXBuildFile; fileRef = 5BEFAFAB2C51EAF400B08992 /* QuizApp_Assignment3Tests.swift */; };
		5BEFAFB62C51EAF400B08992 /* QuizApp_Assignment3UITests.swift in Sources */ = {isa = PBXBuildFile; fileRef = 5BEFAFB52C51EAF400B08992 /* QuizApp_Assignment3UITests.swift */; };
		5BEFAFB82C51EAF400B08992 /* QuizApp_Assignment3UITestsLaunchTests.swift in Sources */ = {isa = PBXBuildFile; fileRef = 5BEFAFB72C51EAF400B08992 /* QuizApp_Assignment3UITestsLaunchTests.swift */; };
		5BEFAFC52C51ECB200B08992 /* Question.swift in Sources */ = {isa = PBXBuildFile; fileRef = 5BEFAFC42C51ECB200B08992 /* Question.swift */; };
		5BEFAFC92C51ED4C00B08992 /* QuestionHandlerDelegate.swift in Sources */ = {isa = PBXBuildFile; fileRef = 5BEFAFC82C51ED4C00B08992 /* QuestionHandlerDelegate.swift */; };
		5BEFAFCB2C51EDA800B08992 /* QuestionBankViewController.swift in Sources */ = {isa = PBXBuildFile; fileRef = 5BEFAFCA2C51EDA800B08992 /* QuestionBankViewController.swift */; };
		5BEFAFCD2C51EE0200B08992 /* AddQuestionViewController.swift in Sources */ = {isa = PBXBuildFile; fileRef = 5BEFAFCC2C51EE0200B08992 /* AddQuestionViewController.swift */; };
		5BEFAFCF2C51EE9600B08992 /* QuizViewController.swift in Sources */ = {isa = PBXBuildFile; fileRef = 5BEFAFCE2C51EE9600B08992 /* QuizViewController.swift */; };
		5BEFAFD12C51EEB700B08992 /* ResultsViewController.swift in Sources */ = {isa = PBXBuildFile; fileRef = 5BEFAFD02C51EEB700B08992 /* ResultsViewController.swift */; };
		5BEFAFD32C51EEEF00B08992 /* ModifyQuestionViewController.swift in Sources */ = {isa = PBXBuildFile; fileRef = 5BEFAFD22C51EEEF00B08992 /* ModifyQuestionViewController.swift */; };
/* End PBXBuildFile section */

/* Begin PBXContainerItemProxy section */
		5BEFAFA82C51EAF400B08992 /* PBXContainerItemProxy */ = {
			isa = PBXContainerItemProxy;
			containerPortal = 5BEFAF892C51EAF200B08992 /* Project object */;
			proxyType = 1;
			remoteGlobalIDString = 5BEFAF902C51EAF200B08992;
			remoteInfo = QuizApp_Assignment3;
		};
		5BEFAFB22C51EAF400B08992 /* PBXContainerItemProxy */ = {
			isa = PBXContainerItemProxy;
			containerPortal = 5BEFAF892C51EAF200B08992 /* Project object */;
			proxyType = 1;
			remoteGlobalIDString = 5BEFAF902C51EAF200B08992;
			remoteInfo = QuizApp_Assignment3;
		};
/* End PBXContainerItemProxy section */

/* Begin PBXFileReference section */
		5BEFAF912C51EAF200B08992 /* QuizApp_Assignment3.app */ = {isa = PBXFileReference; explicitFileType = wrapper.application; includeInIndex = 0; path = QuizApp_Assignment3.app; sourceTree = BUILT_PRODUCTS_DIR; };
		5BEFAF942C51EAF200B08992 /* AppDelegate.swift */ = {isa = PBXFileReference; lastKnownFileType = sourcecode.swift; path = AppDelegate.swift; sourceTree = "<group>"; };
		5BEFAF962C51EAF200B08992 /* SceneDelegate.swift */ = {isa = PBXFileReference; lastKnownFileType = sourcecode.swift; path = SceneDelegate.swift; sourceTree = "<group>"; };
		5BEFAF982C51EAF200B08992 /* ViewController.swift */ = {isa = PBXFileReference; lastKnownFileType = sourcecode.swift; path = ViewController.swift; sourceTree = "<group>"; };
		5BEFAF9B2C51EAF200B08992 /* Base */ = {isa = PBXFileReference; lastKnownFileType = file.storyboard; name = Base; path = Base.lproj/Main.storyboard; sourceTree = "<group>"; };
		5BEFAF9D2C51EAF400B08992 /* Assets.xcassets */ = {isa = PBXFileReference; lastKnownFileType = folder.assetcatalog; path = Assets.xcassets; sourceTree = "<group>"; };
		5BEFAFA02C51EAF400B08992 /* Base */ = {isa = PBXFileReference; lastKnownFileType = file.storyboard; name = Base; path = Base.lproj/LaunchScreen.storyboard; sourceTree = "<group>"; };
		5BEFAFA22C51EAF400B08992 /* Info.plist */ = {isa = PBXFileReference; lastKnownFileType = text.plist.xml; path = Info.plist; sourceTree = "<group>"; };
		5BEFAFA72C51EAF400B08992 /* QuizApp_Assignment3Tests.xctest */ = {isa = PBXFileReference; explicitFileType = wrapper.cfbundle; includeInIndex = 0; path = QuizApp_Assignment3Tests.xctest; sourceTree = BUILT_PRODUCTS_DIR; };
		5BEFAFAB2C51EAF400B08992 /* QuizApp_Assignment3Tests.swift */ = {isa = PBXFileReference; lastKnownFileType = sourcecode.swift; path = QuizApp_Assignment3Tests.swift; sourceTree = "<group>"; };
		5BEFAFB12C51EAF400B08992 /* QuizApp_Assignment3UITests.xctest */ = {isa = PBXFileReference; explicitFileType = wrapper.cfbundle; includeInIndex = 0; path = QuizApp_Assignment3UITests.xctest; sourceTree = BUILT_PRODUCTS_DIR; };
		5BEFAFB52C51EAF400B08992 /* QuizApp_Assignment3UITests.swift */ = {isa = PBXFileReference; lastKnownFileType = sourcecode.swift; path = QuizApp_Assignment3UITests.swift; sourceTree = "<group>"; };
		5BEFAFB72C51EAF400B08992 /* QuizApp_Assignment3UITestsLaunchTests.swift */ = {isa = PBXFileReference; lastKnownFileType = sourcecode.swift; path = QuizApp_Assignment3UITestsLaunchTests.swift; sourceTree = "<group>"; };
		5BEFAFC42C51ECB200B08992 /* Question.swift */ = {isa = PBXFileReference; lastKnownFileType = sourcecode.swift; path = Question.swift; sourceTree = "<group>"; };
		5BEFAFC82C51ED4C00B08992 /* QuestionHandlerDelegate.swift */ = {isa = PBXFileReference; lastKnownFileType = sourcecode.swift; path = QuestionHandlerDelegate.swift; sourceTree = "<group>"; };
		5BEFAFCA2C51EDA800B08992 /* QuestionBankViewController.swift */ = {isa = PBXFileReference; lastKnownFileType = sourcecode.swift; path = QuestionBankViewController.swift; sourceTree = "<group>"; };
		5BEFAFCC2C51EE0200B08992 /* AddQuestionViewController.swift */ = {isa = PBXFileReference; lastKnownFileType = sourcecode.swift; path = AddQuestionViewController.swift; sourceTree = "<group>"; };
		5BEFAFCE2C51EE9600B08992 /* QuizViewController.swift */ = {isa = PBXFileReference; lastKnownFileType = sourcecode.swift; path = QuizViewController.swift; sourceTree = "<group>"; };
		5BEFAFD02C51EEB700B08992 /* ResultsViewController.swift */ = {isa = PBXFileReference; lastKnownFileType = sourcecode.swift; path = ResultsViewController.swift; sourceTree = "<group>"; };
		5BEFAFD22C51EEEF00B08992 /* ModifyQuestionViewController.swift */ = {isa = PBXFileReference; lastKnownFileType = sourcecode.swift; path = ModifyQuestionViewController.swift; sourceTree = "<group>"; };
/* End PBXFileReference section */

/* Begin PBXFrameworksBuildPhase section */
		5BEFAF8E2C51EAF200B08992 /* Frameworks */ = {
			isa = PBXFrameworksBuildPhase;
			buildActionMask = 2147483647;
			files = (
			);
			runOnlyForDeploymentPostprocessing = 0;
		};
		5BEFAFA42C51EAF400B08992 /* Frameworks */ = {
			isa = PBXFrameworksBuildPhase;
			buildActionMask = 2147483647;
			files = (
			);
			runOnlyForDeploymentPostprocessing = 0;
		};
		5BEFAFAE2C51EAF400B08992 /* Frameworks */ = {
			isa = PBXFrameworksBuildPhase;
			buildActionMask = 2147483647;
			files = (
			);
			runOnlyForDeploymentPostprocessing = 0;
		};
/* End PBXFrameworksBuildPhase section */

/* Begin PBXGroup section */
		5BEFAF882C51EAF200B08992 = {
			isa = PBXGroup;
			children = (
				5BEFAF932C51EAF200B08992 /* QuizApp_Assignment3 */,
				5BEFAFAA2C51EAF400B08992 /* QuizApp_Assignment3Tests */,
				5BEFAFB42C51EAF400B08992 /* QuizApp_Assignment3UITests */,
				5BEFAF922C51EAF200B08992 /* Products */,
			);
			sourceTree = "<group>";
		};
		5BEFAF922C51EAF200B08992 /* Products */ = {
			isa = PBXGroup;
			children = (
				5BEFAF912C51EAF200B08992 /* QuizApp_Assignment3.app */,
				5BEFAFA72C51EAF400B08992 /* QuizApp_Assignment3Tests.xctest */,
				5BEFAFB12C51EAF400B08992 /* QuizApp_Assignment3UITests.xctest */,
			);
			name = Products;
			sourceTree = "<group>";
		};
		5BEFAF932C51EAF200B08992 /* QuizApp_Assignment3 */ = {
			isa = PBXGroup;
			children = (
				5BEFAF942C51EAF200B08992 /* AppDelegate.swift */,
				5BEFAF962C51EAF200B08992 /* SceneDelegate.swift */,
				5BEFAF982C51EAF200B08992 /* ViewController.swift */,
				5BEFAF9A2C51EAF200B08992 /* Main.storyboard */,
				5BEFAF9D2C51EAF400B08992 /* Assets.xcassets */,
				5BEFAF9F2C51EAF400B08992 /* LaunchScreen.storyboard */,
				5BEFAFA22C51EAF400B08992 /* Info.plist */,
				5BEFAFC42C51ECB200B08992 /* Question.swift */,
				5BEFAFCC2C51EE0200B08992 /* AddQuestionViewController.swift */,
				5BEFAFC82C51ED4C00B08992 /* QuestionHandlerDelegate.swift */,
				5BEFAFCA2C51EDA800B08992 /* QuestionBankViewController.swift */,
				5BEFAFCE2C51EE9600B08992 /* QuizViewController.swift */,
				5BEFAFD02C51EEB700B08992 /* ResultsViewController.swift */,
				5BEFAFD22C51EEEF00B08992 /* ModifyQuestionViewController.swift */,
			);
			path = QuizApp_Assignment3;
			sourceTree = "<group>";
		};
		5BEFAFAA2C51EAF400B08992 /* QuizApp_Assignment3Tests */ = {
			isa = PBXGroup;
			children = (
				5BEFAFAB2C51EAF400B08992 /* QuizApp_Assignment3Tests.swift */,
			);
			path = QuizApp_Assignment3Tests;
			sourceTree = "<group>";
		};
		5BEFAFB42C51EAF400B08992 /* QuizApp_Assignment3UITests */ = {
			isa = PBXGroup;
			children = (
				5BEFAFB52C51EAF400B08992 /* QuizApp_Assignment3UITests.swift */,
				5BEFAFB72C51EAF400B08992 /* QuizApp_Assignment3UITestsLaunchTests.swift */,
			);
			path = QuizApp_Assignment3UITests;
			sourceTree = "<group>";
		};
/* End PBXGroup section */

/* Begin PBXNativeTarget section */
		5BEFAF902C51EAF200B08992 /* QuizApp_Assignment3 */ = {
			isa = PBXNativeTarget;
			buildConfigurationList = 5BEFAFBB2C51EAF400B08992 /* Build configuration list for PBXNativeTarget "QuizApp_Assignment3" */;
			buildPhases = (
				5BEFAF8D2C51EAF200B08992 /* Sources */,
				5BEFAF8E2C51EAF200B08992 /* Frameworks */,
				5BEFAF8F2C51EAF200B08992 /* Resources */,
			);
			buildRules = (
			);
			dependencies = (
			);
			name = QuizApp_Assignment3;
			productName = QuizApp_Assignment3;
			productReference = 5BEFAF912C51EAF200B08992 /* QuizApp_Assignment3.app */;
			productType = "com.apple.product-type.application";
		};
		5BEFAFA62C51EAF400B08992 /* QuizApp_Assignment3Tests */ = {
			isa = PBXNativeTarget;
			buildConfigurationList = 5BEFAFBE2C51EAF400B08992 /* Build configuration list for PBXNativeTarget "QuizApp_Assignment3Tests" */;
			buildPhases = (
				5BEFAFA32C51EAF400B08992 /* Sources */,
				5BEFAFA42C51EAF400B08992 /* Frameworks */,
				5BEFAFA52C51EAF400B08992 /* Resources */,
			);
			buildRules = (
			);
			dependencies = (
				5BEFAFA92C51EAF400B08992 /* PBXTargetDependency */,
			);
			name = QuizApp_Assignment3Tests;
			productName = QuizApp_Assignment3Tests;
			productReference = 5BEFAFA72C51EAF400B08992 /* QuizApp_Assignment3Tests.xctest */;
			productType = "com.apple.product-type.bundle.unit-test";
		};
		5BEFAFB02C51EAF400B08992 /* QuizApp_Assignment3UITests */ = {
			isa = PBXNativeTarget;
			buildConfigurationList = 5BEFAFC12C51EAF400B08992 /* Build configuration list for PBXNativeTarget "QuizApp_Assignment3UITests" */;
			buildPhases = (
				5BEFAFAD2C51EAF400B08992 /* Sources */,
				5BEFAFAE2C51EAF400B08992 /* Frameworks */,
				5BEFAFAF2C51EAF400B08992 /* Resources */,
			);
			buildRules = (
			);
			dependencies = (
				5BEFAFB32C51EAF400B08992 /* PBXTargetDependency */,
			);
			name = QuizApp_Assignment3UITests;
			productName = QuizApp_Assignment3UITests;
			productReference = 5BEFAFB12C51EAF400B08992 /* QuizApp_Assignment3UITests.xctest */;
			productType = "com.apple.product-type.bundle.ui-testing";
		};
/* End PBXNativeTarget section */

/* Begin PBXProject section */
		5BEFAF892C51EAF200B08992 /* Project object */ = {
			isa = PBXProject;
			attributes = {
				BuildIndependentTargetsInParallel = 1;
				LastSwiftUpdateCheck = 1540;
				LastUpgradeCheck = 1540;
				TargetAttributes = {
					5BEFAF902C51EAF200B08992 = {
						CreatedOnToolsVersion = 15.4;
					};
					5BEFAFA62C51EAF400B08992 = {
						CreatedOnToolsVersion = 15.4;
						TestTargetID = 5BEFAF902C51EAF200B08992;
					};
					5BEFAFB02C51EAF400B08992 = {
						CreatedOnToolsVersion = 15.4;
						TestTargetID = 5BEFAF902C51EAF200B08992;
					};
				};
			};
			buildConfigurationList = 5BEFAF8C2C51EAF200B08992 /* Build configuration list for PBXProject "QuizApp_Assignment3" */;
			compatibilityVersion = "Xcode 14.0";
			developmentRegion = en;
			hasScannedForEncodings = 0;
			knownRegions = (
				en,
				Base,
			);
			mainGroup = 5BEFAF882C51EAF200B08992;
			productRefGroup = 5BEFAF922C51EAF200B08992 /* Products */;
			projectDirPath = "";
			projectRoot = "";
			targets = (
				5BEFAF902C51EAF200B08992 /* QuizApp_Assignment3 */,
				5BEFAFA62C51EAF400B08992 /* QuizApp_Assignment3Tests */,
				5BEFAFB02C51EAF400B08992 /* QuizApp_Assignment3UITests */,
			);
		};
/* End PBXProject section */

/* Begin PBXResourcesBuildPhase section */
		5BEFAF8F2C51EAF200B08992 /* Resources */ = {
			isa = PBXResourcesBuildPhase;
			buildActionMask = 2147483647;
			files = (
				5BEFAF9E2C51EAF400B08992 /* Assets.xcassets in Resources */,
				5BEFAFA12C51EAF400B08992 /* Base in Resources */,
				5BEFAF9C2C51EAF200B08992 /* Base in Resources */,
			);
			runOnlyForDeploymentPostprocessing = 0;
		};
		5BEFAFA52C51EAF400B08992 /* Resources */ = {
			isa = PBXResourcesBuildPhase;
			buildActionMask = 2147483647;
			files = (
			);
			runOnlyForDeploymentPostprocessing = 0;
		};
		5BEFAFAF2C51EAF400B08992 /* Resources */ = {
			isa = PBXResourcesBuildPhase;
			buildActionMask = 2147483647;
			files = (
			);
			runOnlyForDeploymentPostprocessing = 0;
		};
/* End PBXResourcesBuildPhase section */

/* Begin PBXSourcesBuildPhase section */
		5BEFAF8D2C51EAF200B08992 /* Sources */ = {
			isa = PBXSourcesBuildPhase;
			buildActionMask = 2147483647;
			files = (
				5BEFAFCB2C51EDA800B08992 /* QuestionBankViewController.swift in Sources */,
				5BEFAF992C51EAF200B08992 /* ViewController.swift in Sources */,
				5BEFAFC52C51ECB200B08992 /* Question.swift in Sources */,
				5BEFAFCF2C51EE9600B08992 /* QuizViewController.swift in Sources */,
				5BEFAFC92C51ED4C00B08992 /* QuestionHandlerDelegate.swift in Sources */,
				5BEFAFD12C51EEB700B08992 /* ResultsViewController.swift in Sources */,
				5BEFAF952C51EAF200B08992 /* AppDelegate.swift in Sources */,
				5BEFAFCD2C51EE0200B08992 /* AddQuestionViewController.swift in Sources */,
				5BEFAFD32C51EEEF00B08992 /* ModifyQuestionViewController.swift in Sources */,
				5BEFAF972C51EAF200B08992 /* SceneDelegate.swift in Sources */,
			);
			runOnlyForDeploymentPostprocessing = 0;
		};
		5BEFAFA32C51EAF400B08992 /* Sources */ = {
			isa = PBXSourcesBuildPhase;
			buildActionMask = 2147483647;
			files = (
				5BEFAFAC2C51EAF400B08992 /* QuizApp_Assignment3Tests.swift in Sources */,
			);
			runOnlyForDeploymentPostprocessing = 0;
		};
		5BEFAFAD2C51EAF400B08992 /* Sources */ = {
			isa = PBXSourcesBuildPhase;
			buildActionMask = 2147483647;
			files = (
				5BEFAFB82C51EAF400B08992 /* QuizApp_Assignment3UITestsLaunchTests.swift in Sources */,
				5BEFAFB62C51EAF400B08992 /* QuizApp_Assignment3UITests.swift in Sources */,
			);
			runOnlyForDeploymentPostprocessing = 0;
		};
/* End PBXSourcesBuildPhase section */

/* Begin PBXTargetDependency section */
		5BEFAFA92C51EAF400B08992 /* PBXTargetDependency */ = {
			isa = PBXTargetDependency;
			target = 5BEFAF902C51EAF200B08992 /* QuizApp_Assignment3 */;
			targetProxy = 5BEFAFA82C51EAF400B08992 /* PBXContainerItemProxy */;
		};
		5BEFAFB32C51EAF400B08992 /* PBXTargetDependency */ = {
			isa = PBXTargetDependency;
			target = 5BEFAF902C51EAF200B08992 /* QuizApp_Assignment3 */;
			targetProxy = 5BEFAFB22C51EAF400B08992 /* PBXContainerItemProxy */;
		};
/* End PBXTargetDependency section */

/* Begin PBXVariantGroup section */
		5BEFAF9A2C51EAF200B08992 /* Main.storyboard */ = {
			isa = PBXVariantGroup;
			children = (
				5BEFAF9B2C51EAF200B08992 /* Base */,
			);
			name = Main.storyboard;
			sourceTree = "<group>";
		};
		5BEFAF9F2C51EAF400B08992 /* LaunchScreen.storyboard */ = {
			isa = PBXVariantGroup;
			children = (
				5BEFAFA02C51EAF400B08992 /* Base */,
			);
			name = LaunchScreen.storyboard;
			sourceTree = "<group>";
		};
/* End PBXVariantGroup section */

/* Begin XCBuildConfiguration section */
		5BEFAFB92C51EAF400B08992 /* Debug */ = {
			isa = XCBuildConfiguration;
			buildSettings = {
				ALWAYS_SEARCH_USER_PATHS = NO;
				ASSETCATALOG_COMPILER_GENERATE_SWIFT_ASSET_SYMBOL_EXTENSIONS = YES;
				CLANG_ANALYZER_NONNULL = YES;
				CLANG_ANALYZER_NUMBER_OBJECT_CONVERSION = YES_AGGRESSIVE;
				CLANG_CXX_LANGUAGE_STANDARD = "gnu++20";
				CLANG_ENABLE_MODULES = YES;
				CLANG_ENABLE_OBJC_ARC = YES;
				CLANG_ENABLE_OBJC_WEAK = YES;
				CLANG_WARN_BLOCK_CAPTURE_AUTORELEASING = YES;
				CLANG_WARN_BOOL_CONVERSION = YES;
				CLANG_WARN_COMMA = YES;
				CLANG_WARN_CONSTANT_CONVERSION = YES;
				CLANG_WARN_DEPRECATED_OBJC_IMPLEMENTATIONS = YES;
				CLANG_WARN_DIRECT_OBJC_ISA_USAGE = YES_ERROR;
				CLANG_WARN_DOCUMENTATION_COMMENTS = YES;
				CLANG_WARN_EMPTY_BODY = YES;
				CLANG_WARN_ENUM_CONVERSION = YES;
				CLANG_WARN_INFINITE_RECURSION = YES;
				CLANG_WARN_INT_CONVERSION = YES;
				CLANG_WARN_NON_LITERAL_NULL_CONVERSION = YES;
				CLANG_WARN_OBJC_IMPLICIT_RETAIN_SELF = YES;
				CLANG_WARN_OBJC_LITERAL_CONVERSION = YES;
				CLANG_WARN_OBJC_ROOT_CLASS = YES_ERROR;
				CLANG_WARN_QUOTED_INCLUDE_IN_FRAMEWORK_HEADER = YES;
				CLANG_WARN_RANGE_LOOP_ANALYSIS = YES;
				CLANG_WARN_STRICT_PROTOTYPES = YES;
				CLANG_WARN_SUSPICIOUS_MOVE = YES;
				CLANG_WARN_UNGUARDED_AVAILABILITY = YES_AGGRESSIVE;
				CLANG_WARN_UNREACHABLE_CODE = YES;
				CLANG_WARN__DUPLICATE_METHOD_MATCH = YES;
				COPY_PHASE_STRIP = NO;
				DEBUG_INFORMATION_FORMAT = dwarf;
				ENABLE_STRICT_OBJC_MSGSEND = YES;
				ENABLE_TESTABILITY = YES;
				ENABLE_USER_SCRIPT_SANDBOXING = YES;
				GCC_C_LANGUAGE_STANDARD = gnu17;
				GCC_DYNAMIC_NO_PIC = NO;
				GCC_NO_COMMON_BLOCKS = YES;
				GCC_OPTIMIZATION_LEVEL = 0;
				GCC_PREPROCESSOR_DEFINITIONS = (
					"DEBUG=1",
					"$(inherited)",
				);
				GCC_WARN_64_TO_32_BIT_CONVERSION = YES;
				GCC_WARN_ABOUT_RETURN_TYPE = YES_ERROR;
				GCC_WARN_UNDECLARED_SELECTOR = YES;
				GCC_WARN_UNINITIALIZED_AUTOS = YES_AGGRESSIVE;
				GCC_WARN_UNUSED_FUNCTION = YES;
				GCC_WARN_UNUSED_VARIABLE = YES;
				IPHONEOS_DEPLOYMENT_TARGET = 17.5;
				LOCALIZATION_PREFERS_STRING_CATALOGS = YES;
				MTL_ENABLE_DEBUG_INFO = INCLUDE_SOURCE;
				MTL_FAST_MATH = YES;
				ONLY_ACTIVE_ARCH = YES;
				SDKROOT = iphoneos;
				SWIFT_ACTIVE_COMPILATION_CONDITIONS = "DEBUG $(inherited)";
				SWIFT_OPTIMIZATION_LEVEL = "-Onone";
			};
			name = Debug;
		};
		5BEFAFBA2C51EAF400B08992 /* Release */ = {
			isa = XCBuildConfiguration;
			buildSettings = {
				ALWAYS_SEARCH_USER_PATHS = NO;
				ASSETCATALOG_COMPILER_GENERATE_SWIFT_ASSET_SYMBOL_EXTENSIONS = YES;
				CLANG_ANALYZER_NONNULL = YES;
				CLANG_ANALYZER_NUMBER_OBJECT_CONVERSION = YES_AGGRESSIVE;
				CLANG_CXX_LANGUAGE_STANDARD = "gnu++20";
				CLANG_ENABLE_MODULES = YES;
				CLANG_ENABLE_OBJC_ARC = YES;
				CLANG_ENABLE_OBJC_WEAK = YES;
				CLANG_WARN_BLOCK_CAPTURE_AUTORELEASING = YES;
				CLANG_WARN_BOOL_CONVERSION = YES;
				CLANG_WARN_COMMA = YES;
				CLANG_WARN_CONSTANT_CONVERSION = YES;
				CLANG_WARN_DEPRECATED_OBJC_IMPLEMENTATIONS = YES;
				CLANG_WARN_DIRECT_OBJC_ISA_USAGE = YES_ERROR;
				CLANG_WARN_DOCUMENTATION_COMMENTS = YES;
				CLANG_WARN_EMPTY_BODY = YES;
				CLANG_WARN_ENUM_CONVERSION = YES;
				CLANG_WARN_INFINITE_RECURSION = YES;
				CLANG_WARN_INT_CONVERSION = YES;
				CLANG_WARN_NON_LITERAL_NULL_CONVERSION = YES;
				CLANG_WARN_OBJC_IMPLICIT_RETAIN_SELF = YES;
				CLANG_WARN_OBJC_LITERAL_CONVERSION = YES;
				CLANG_WARN_OBJC_ROOT_CLASS = YES_ERROR;
				CLANG_WARN_QUOTED_INCLUDE_IN_FRAMEWORK_HEADER = YES;
				CLANG_WARN_RANGE_LOOP_ANALYSIS = YES;
				CLANG_WARN_STRICT_PROTOTYPES = YES;
				CLANG_WARN_SUSPICIOUS_MOVE = YES;
				CLANG_WARN_UNGUARDED_AVAILABILITY = YES_AGGRESSIVE;
				CLANG_WARN_UNREACHABLE_CODE = YES;
				CLANG_WARN__DUPLICATE_METHOD_MATCH = YES;
				COPY_PHASE_STRIP = NO;
				DEBUG_INFORMATION_FORMAT = "dwarf-with-dsym";
				ENABLE_NS_ASSERTIONS = NO;
				ENABLE_STRICT_OBJC_MSGSEND = YES;
				ENABLE_USER_SCRIPT_SANDBOXING = YES;
				GCC_C_LANGUAGE_STANDARD = gnu17;
				GCC_NO_COMMON_BLOCKS = YES;
				GCC_WARN_64_TO_32_BIT_CONVERSION = YES;
				GCC_WARN_ABOUT_RETURN_TYPE = YES_ERROR;
				GCC_WARN_UNDECLARED_SELECTOR = YES;
				GCC_WARN_UNINITIALIZED_AUTOS = YES_AGGRESSIVE;
				GCC_WARN_UNUSED_FUNCTION = YES;
				GCC_WARN_UNUSED_VARIABLE = YES;
				IPHONEOS_DEPLOYMENT_TARGET = 17.5;
				LOCALIZATION_PREFERS_STRING_CATALOGS = YES;
				MTL_ENABLE_DEBUG_INFO = NO;
				MTL_FAST_MATH = YES;
				SDKROOT = iphoneos;
				SWIFT_COMPILATION_MODE = wholemodule;
				VALIDATE_PRODUCT = YES;
			};
			name = Release;
		};
		5BEFAFBC2C51EAF400B08992 /* Debug */ = {
			isa = XCBuildConfiguration;
			buildSettings = {
				ASSETCATALOG_COMPILER_APPICON_NAME = AppIcon;
				ASSETCATALOG_COMPILER_GLOBAL_ACCENT_COLOR_NAME = AccentColor;
				CODE_SIGN_STYLE = Automatic;
				CURRENT_PROJECT_VERSION = 1;
				DEVELOPMENT_TEAM = BY54QRE3V3;
				GENERATE_INFOPLIST_FILE = YES;
				INFOPLIST_FILE = QuizApp_Assignment3/Info.plist;
				INFOPLIST_KEY_UIApplicationSupportsIndirectInputEvents = YES;
				INFOPLIST_KEY_UILaunchStoryboardName = LaunchScreen;
				INFOPLIST_KEY_UIMainStoryboardFile = Main;
				INFOPLIST_KEY_UISupportedInterfaceOrientations_iPad = "UIInterfaceOrientationPortrait UIInterfaceOrientationPortraitUpsideDown UIInterfaceOrientationLandscapeLeft UIInterfaceOrientationLandscapeRight";
				INFOPLIST_KEY_UISupportedInterfaceOrientations_iPhone = "UIInterfaceOrientationPortrait UIInterfaceOrientationLandscapeLeft UIInterfaceOrientationLandscapeRight";
				LD_RUNPATH_SEARCH_PATHS = (
					"$(inherited)",
					"@executable_path/Frameworks",
				);
				MARKETING_VERSION = 1.0;
				PRODUCT_BUNDLE_IDENTIFIER = "com.humber.QuizApp-Assignment3";
				PRODUCT_NAME = "$(TARGET_NAME)";
				SWIFT_EMIT_LOC_STRINGS = YES;
				SWIFT_VERSION = 5.0;
				TARGETED_DEVICE_FAMILY = "1,2";
			};
			name = Debug;
		};
		5BEFAFBD2C51EAF400B08992 /* Release */ = {
			isa = XCBuildConfiguration;
			buildSettings = {
				ASSETCATALOG_COMPILER_APPICON_NAME = AppIcon;
				ASSETCATALOG_COMPILER_GLOBAL_ACCENT_COLOR_NAME = AccentColor;
				CODE_SIGN_STYLE = Automatic;
				CURRENT_PROJECT_VERSION = 1;
				DEVELOPMENT_TEAM = BY54QRE3V3;
				GENERATE_INFOPLIST_FILE = YES;
				INFOPLIST_FILE = QuizApp_Assignment3/Info.plist;
				INFOPLIST_KEY_UIApplicationSupportsIndirectInputEvents = YES;
				INFOPLIST_KEY_UILaunchStoryboardName = LaunchScreen;
				INFOPLIST_KEY_UIMainStoryboardFile = Main;
				INFOPLIST_KEY_UISupportedInterfaceOrientations_iPad = "UIInterfaceOrientationPortrait UIInterfaceOrientationPortraitUpsideDown UIInterfaceOrientationLandscapeLeft UIInterfaceOrientationLandscapeRight";
				INFOPLIST_KEY_UISupportedInterfaceOrientations_iPhone = "UIInterfaceOrientationPortrait UIInterfaceOrientationLandscapeLeft UIInterfaceOrientationLandscapeRight";
				LD_RUNPATH_SEARCH_PATHS = (
					"$(inherited)",
					"@executable_path/Frameworks",
				);
				MARKETING_VERSION = 1.0;
				PRODUCT_BUNDLE_IDENTIFIER = "com.humber.QuizApp-Assignment3";
				PRODUCT_NAME = "$(TARGET_NAME)";
				SWIFT_EMIT_LOC_STRINGS = YES;
				SWIFT_VERSION = 5.0;
				TARGETED_DEVICE_FAMILY = "1,2";
			};
			name = Release;
		};
		5BEFAFBF2C51EAF400B08992 /* Debug */ = {
			isa = XCBuildConfiguration;
			buildSettings = {
				ALWAYS_EMBED_SWIFT_STANDARD_LIBRARIES = YES;
				BUNDLE_LOADER = "$(TEST_HOST)";
				CODE_SIGN_STYLE = Automatic;
				CURRENT_PROJECT_VERSION = 1;
				DEVELOPMENT_TEAM = BY54QRE3V3;
				GENERATE_INFOPLIST_FILE = YES;
				IPHONEOS_DEPLOYMENT_TARGET = 17.5;
				MARKETING_VERSION = 1.0;
				PRODUCT_BUNDLE_IDENTIFIER = "com.humber.QuizApp-Assignment3Tests";
				PRODUCT_NAME = "$(TARGET_NAME)";
				SWIFT_EMIT_LOC_STRINGS = NO;
				SWIFT_VERSION = 5.0;
				TARGETED_DEVICE_FAMILY = "1,2";
				TEST_HOST = "$(BUILT_PRODUCTS_DIR)/QuizApp_Assignment3.app/$(BUNDLE_EXECUTABLE_FOLDER_PATH)/QuizApp_Assignment3";
			};
			name = Debug;
		};
		5BEFAFC02C51EAF400B08992 /* Release */ = {
			isa = XCBuildConfiguration;
			buildSettings = {
				ALWAYS_EMBED_SWIFT_STANDARD_LIBRARIES = YES;
				BUNDLE_LOADER = "$(TEST_HOST)";
				CODE_SIGN_STYLE = Automatic;
				CURRENT_PROJECT_VERSION = 1;
				DEVELOPMENT_TEAM = BY54QRE3V3;
				GENERATE_INFOPLIST_FILE = YES;
				IPHONEOS_DEPLOYMENT_TARGET = 17.5;
				MARKETING_VERSION = 1.0;
				PRODUCT_BUNDLE_IDENTIFIER = "com.humber.QuizApp-Assignment3Tests";
				PRODUCT_NAME = "$(TARGET_NAME)";
				SWIFT_EMIT_LOC_STRINGS = NO;
				SWIFT_VERSION = 5.0;
				TARGETED_DEVICE_FAMILY = "1,2";
				TEST_HOST = "$(BUILT_PRODUCTS_DIR)/QuizApp_Assignment3.app/$(BUNDLE_EXECUTABLE_FOLDER_PATH)/QuizApp_Assignment3";
			};
			name = Release;
		};
		5BEFAFC22C51EAF400B08992 /* Debug */ = {
			isa = XCBuildConfiguration;
			buildSettings = {
				ALWAYS_EMBED_SWIFT_STANDARD_LIBRARIES = YES;
				CODE_SIGN_STYLE = Automatic;
				CURRENT_PROJECT_VERSION = 1;
				DEVELOPMENT_TEAM = BY54QRE3V3;
				GENERATE_INFOPLIST_FILE = YES;
				MARKETING_VERSION = 1.0;
				PRODUCT_BUNDLE_IDENTIFIER = "com.humber.QuizApp-Assignment3UITests";
				PRODUCT_NAME = "$(TARGET_NAME)";
				SWIFT_EMIT_LOC_STRINGS = NO;
				SWIFT_VERSION = 5.0;
				TARGETED_DEVICE_FAMILY = "1,2";
				TEST_TARGET_NAME = QuizApp_Assignment3;
			};
			name = Debug;
		};
		5BEFAFC32C51EAF400B08992 /* Release */ = {
			isa = XCBuildConfiguration;
			buildSettings = {
				ALWAYS_EMBED_SWIFT_STANDARD_LIBRARIES = YES;
				CODE_SIGN_STYLE = Automatic;
				CURRENT_PROJECT_VERSION = 1;
				DEVELOPMENT_TEAM = BY54QRE3V3;
				GENERATE_INFOPLIST_FILE = YES;
				MARKETING_VERSION = 1.0;
				PRODUCT_BUNDLE_IDENTIFIER = "com.humber.QuizApp-Assignment3UITests";
				PRODUCT_NAME = "$(TARGET_NAME)";
				SWIFT_EMIT_LOC_STRINGS = NO;
				SWIFT_VERSION = 5.0;
				TARGETED_DEVICE_FAMILY = "1,2";
				TEST_TARGET_NAME = QuizApp_Assignment3;
			};
			name = Release;
		};
/* End XCBuildConfiguration section */

/* Begin XCConfigurationList section */
		5BEFAF8C2C51EAF200B08992 /* Build configuration list for PBXProject "QuizApp_Assignment3" */ = {
			isa = XCConfigurationList;
			buildConfigurations = (
				5BEFAFB92C51EAF400B08992 /* Debug */,
				5BEFAFBA2C51EAF400B08992 /* Release */,
			);
			defaultConfigurationIsVisible = 0;
			defaultConfigurationName = Release;
		};
		5BEFAFBB2C51EAF400B08992 /* Build configuration list for PBXNativeTarget "QuizApp_Assignment3" */ = {
			isa = XCConfigurationList;
			buildConfigurations = (
				5BEFAFBC2C51EAF400B08992 /* Debug */,
				5BEFAFBD2C51EAF400B08992 /* Release */,
			);
			defaultConfigurationIsVisible = 0;
			defaultConfigurationName = Release;
		};
		5BEFAFBE2C51EAF400B08992 /* Build configuration list for PBXNativeTarget "QuizApp_Assignment3Tests" */ = {
			isa = XCConfigurationList;
			buildConfigurations = (
				5BEFAFBF2C51EAF400B08992 /* Debug */,
				5BEFAFC02C51EAF400B08992 /* Release */,
			);
			defaultConfigurationIsVisible = 0;
			defaultConfigurationName = Release;
		};
		5BEFAFC12C51EAF400B08992 /* Build configuration list for PBXNativeTarget "QuizApp_Assignment3UITests" */ = {
			isa = XCConfigurationList;
			buildConfigurations = (
				5BEFAFC22C51EAF400B08992 /* Debug */,
				5BEFAFC32C51EAF400B08992 /* Release */,
			);
			defaultConfigurationIsVisible = 0;
			defaultConfigurationName = Release;
		};
/* End XCConfigurationList section */
	};
	rootObject = 5BEFAF892C51EAF200B08992 /* Project object */;
}
